// !$*UTF8*$!
{
	archiveVersion = 1;
	classes = {
	};
	objectVersion = 50;
	objects = {

/* Begin PBXBuildFile section */
		E778A45C24352ACB0017E7BF /* TableView.swift in Sources */ = {isa = PBXBuildFile; fileRef = E778A45B24352ACB0017E7BF /* TableView.swift */; };
		E778A45E24352B3D0017E7BF /* DetailsView.swift in Sources */ = {isa = PBXBuildFile; fileRef = E778A45D24352B3D0017E7BF /* DetailsView.swift */; };
		E7ED018624351CCC0062D743 /* AppDelegate.swift in Sources */ = {isa = PBXBuildFile; fileRef = E7ED018524351CCC0062D743 /* AppDelegate.swift */; };
		E7ED018824351CCC0062D743 /* SceneDelegate.swift in Sources */ = {isa = PBXBuildFile; fileRef = E7ED018724351CCC0062D743 /* SceneDelegate.swift */; };
		E7ED018A24351CCC0062D743 /* ContentView.swift in Sources */ = {isa = PBXBuildFile; fileRef = E7ED018924351CCC0062D743 /* ContentView.swift */; };
		E7ED018C24351CD00062D743 /* Assets.xcassets in Resources */ = {isa = PBXBuildFile; fileRef = E7ED018B24351CD00062D743 /* Assets.xcassets */; };
		E7ED018F24351CD00062D743 /* Preview Assets.xcassets in Resources */ = {isa = PBXBuildFile; fileRef = E7ED018E24351CD00062D743 /* Preview Assets.xcassets */; };
		E7ED019224351CD00062D743 /* LaunchScreen.storyboard in Resources */ = {isa = PBXBuildFile; fileRef = E7ED019024351CD00062D743 /* LaunchScreen.storyboard */; };
		E7ED019A2435233D0062D743 /* SearchContentView.swift in Sources */ = {isa = PBXBuildFile; fileRef = E7ED01992435233D0062D743 /* SearchContentView.swift */; };
/* End PBXBuildFile section */

/* Begin PBXFileReference section */
		E778A45B24352ACB0017E7BF /* TableView.swift */ = {isa = PBXFileReference; lastKnownFileType = sourcecode.swift; path = TableView.swift; sourceTree = "<group>"; };
		E778A45D24352B3D0017E7BF /* DetailsView.swift */ = {isa = PBXFileReference; lastKnownFileType = sourcecode.swift; path = DetailsView.swift; sourceTree = "<group>"; };
		E7ED018224351CCC0062D743 /* testproject-swiftui.app */ = {isa = PBXFileReference; explicitFileType = wrapper.application; includeInIndex = 0; path = "testproject-swiftui.app"; sourceTree = BUILT_PRODUCTS_DIR; };
		E7ED018524351CCC0062D743 /* AppDelegate.swift */ = {isa = PBXFileReference; lastKnownFileType = sourcecode.swift; path = AppDelegate.swift; sourceTree = "<group>"; };
		E7ED018724351CCC0062D743 /* SceneDelegate.swift */ = {isa = PBXFileReference; lastKnownFileType = sourcecode.swift; path = SceneDelegate.swift; sourceTree = "<group>"; };
		E7ED018924351CCC0062D743 /* ContentView.swift */ = {isa = PBXFileReference; lastKnownFileType = sourcecode.swift; path = ContentView.swift; sourceTree = "<group>"; };
		E7ED018B24351CD00062D743 /* Assets.xcassets */ = {isa = PBXFileReference; lastKnownFileType = folder.assetcatalog; path = Assets.xcassets; sourceTree = "<group>"; };
		E7ED018E24351CD00062D743 /* Preview Assets.xcassets */ = {isa = PBXFileReference; lastKnownFileType = folder.assetcatalog; path = "Preview Assets.xcassets"; sourceTree = "<group>"; };
		E7ED019124351CD00062D743 /* Base */ = {isa = PBXFileReference; lastKnownFileType = file.storyboard; name = Base; path = Base.lproj/LaunchScreen.storyboard; sourceTree = "<group>"; };
		E7ED019324351CD00062D743 /* Info.plist */ = {isa = PBXFileReference; lastKnownFileType = text.plist.xml; path = Info.plist; sourceTree = "<group>"; };
		E7ED01992435233D0062D743 /* SearchContentView.swift */ = {isa = PBXFileReference; lastKnownFileType = sourcecode.swift; path = SearchContentView.swift; sourceTree = "<group>"; };
/* End PBXFileReference section */

/* Begin PBXFrameworksBuildPhase section */
		E7ED017F24351CCC0062D743 /* Frameworks */ = {
			isa = PBXFrameworksBuildPhase;
			buildActionMask = 2147483647;
			files = (
			);
			runOnlyForDeploymentPostprocessing = 0;
		};
/* End PBXFrameworksBuildPhase section */

/* Begin PBXGroup section */
		E778A45A24352AA80017E7BF /* TableViewWithDetails */ = {
			isa = PBXGroup;
			children = (
				E778A45B24352ACB0017E7BF /* TableView.swift */,
				E778A45D24352B3D0017E7BF /* DetailsView.swift */,
			);
			path = TableViewWithDetails;
			sourceTree = "<group>";
		};
		E7C0520624366C3100533BAA /* CollectionView */ = {
			isa = PBXGroup;
			children = (
			);
			path = CollectionView;
			sourceTree = "<group>";
		};
		E7ED017924351CCC0062D743 = {
			isa = PBXGroup;
			children = (
				E7ED018424351CCC0062D743 /* testproject-swiftui */,
				E7ED018324351CCC0062D743 /* Products */,
			);
			sourceTree = "<group>";
		};
		E7ED018324351CCC0062D743 /* Products */ = {
			isa = PBXGroup;
			children = (
				E7ED018224351CCC0062D743 /* testproject-swiftui.app */,
			);
			name = Products;
			sourceTree = "<group>";
		};
		E7ED018424351CCC0062D743 /* testproject-swiftui */ = {
			isa = PBXGroup;
			children = (
				E7C0520624366C3100533BAA /* CollectionView */,
				E778A45A24352AA80017E7BF /* TableViewWithDetails */,
				E7ED019B2435238D0062D743 /* Search */,
				E7ED018524351CCC0062D743 /* AppDelegate.swift */,
				E7ED018724351CCC0062D743 /* SceneDelegate.swift */,
				E7ED018924351CCC0062D743 /* ContentView.swift */,
				E7ED018B24351CD00062D743 /* Assets.xcassets */,
				E7ED019024351CD00062D743 /* LaunchScreen.storyboard */,
				E7ED019324351CD00062D743 /* Info.plist */,
				E7ED018D24351CD00062D743 /* Preview Content */,
			);
			path = "testproject-swiftui";
			sourceTree = "<group>";
		};
		E7ED018D24351CD00062D743 /* Preview Content */ = {
			isa = PBXGroup;
			children = (
				E7ED018E24351CD00062D743 /* Preview Assets.xcassets */,
			);
			path = "Preview Content";
			sourceTree = "<group>";
		};
		E7ED019B2435238D0062D743 /* Search */ = {
			isa = PBXGroup;
			children = (
				E7ED01992435233D0062D743 /* SearchContentView.swift */,
			);
			path = Search;
			sourceTree = "<group>";
		};
/* End PBXGroup section */

/* Begin PBXNativeTarget section */
		E7ED018124351CCC0062D743 /* testproject-swiftui */ = {
			isa = PBXNativeTarget;
			buildConfigurationList = E7ED019624351CD00062D743 /* Build configuration list for PBXNativeTarget "testproject-swiftui" */;
			buildPhases = (
				E7ED017E24351CCC0062D743 /* Sources */,
				E7ED017F24351CCC0062D743 /* Frameworks */,
				E7ED018024351CCC0062D743 /* Resources */,
			);
			buildRules = (
			);
			dependencies = (
			);
			name = "testproject-swiftui";
			productName = "testproject-swiftui";
			productReference = E7ED018224351CCC0062D743 /* testproject-swiftui.app */;
			productType = "com.apple.product-type.application";
		};
/* End PBXNativeTarget section */

/* Begin PBXProject section */
		E7ED017A24351CCC0062D743 /* Project object */ = {
			isa = PBXProject;
			attributes = {
				LastSwiftUpdateCheck = 1120;
				LastUpgradeCheck = 1120;
				ORGANIZATIONNAME = "Guilherme Piccoli";
				TargetAttributes = {
					E7ED018124351CCC0062D743 = {
						CreatedOnToolsVersion = 11.2.1;
					};
				};
			};
			buildConfigurationList = E7ED017D24351CCC0062D743 /* Build configuration list for PBXProject "testproject-swiftui" */;
			compatibilityVersion = "Xcode 9.3";
			developmentRegion = en;
			hasScannedForEncodings = 0;
			knownRegions = (
				en,
				Base,
			);
			mainGroup = E7ED017924351CCC0062D743;
			productRefGroup = E7ED018324351CCC0062D743 /* Products */;
			projectDirPath = "";
			projectRoot = "";
			targets = (
				E7ED018124351CCC0062D743 /* testproject-swiftui */,
			);
		};
/* End PBXProject section */

/* Begin PBXResourcesBuildPhase section */
		E7ED018024351CCC0062D743 /* Resources */ = {
			isa = PBXResourcesBuildPhase;
			buildActionMask = 2147483647;
			files = (
				E7ED019224351CD00062D743 /* LaunchScreen.storyboard in Resources */,
				E7ED018F24351CD00062D743 /* Preview Assets.xcassets in Resources */,
				E7ED018C24351CD00062D743 /* Assets.xcassets in Resources */,
			);
			runOnlyForDeploymentPostprocessing = 0;
		};
/* End PBXResourcesBuildPhase section */

/* Begin PBXSourcesBuildPhase section */
		E7ED017E24351CCC0062D743 /* Sources */ = {
			isa = PBXSourcesBuildPhase;
			buildActionMask = 2147483647;
			files = (
				E7ED018624351CCC0062D743 /* AppDelegate.swift in Sources */,
				E778A45C24352ACB0017E7BF /* TableView.swift in Sources */,
				E7ED018824351CCC0062D743 /* SceneDelegate.swift in Sources */,
				E7ED019A2435233D0062D743 /* SearchContentView.swift in Sources */,
				E7ED018A24351CCC0062D743 /* ContentView.swift in Sources */,
				E778A45E24352B3D0017E7BF /* DetailsView.swift in Sources */,
			);
			runOnlyForDeploymentPostprocessing = 0;
		};
/* End PBXSourcesBuildPhase section */

/* Begin PBXVariantGroup section */
		E7ED019024351CD00062D743 /* LaunchScreen.storyboard */ = {
			isa = PBXVariantGroup;
			children = (
				E7ED019124351CD00062D743 /* Base */,
			);
			name = LaunchScreen.storyboard;
			sourceTree = "<group>";
		};
/* End PBXVariantGroup section */

/* Begin XCBuildConfiguration section */
		E7ED019424351CD00062D743 /* Debug */ = {
			isa = XCBuildConfiguration;
			buildSettings = {
				ALWAYS_SEARCH_USER_PATHS = NO;
				CLANG_ANALYZER_NONNULL = YES;
				CLANG_ANALYZER_NUMBER_OBJECT_CONVERSION = YES_AGGRESSIVE;
				CLANG_CXX_LANGUAGE_STANDARD = "gnu++14";
				CLANG_CXX_LIBRARY = "libc++";
				CLANG_ENABLE_MODULES = YES;
				CLANG_ENABLE_OBJC_ARC = YES;
				CLANG_ENABLE_OBJC_WEAK = YES;
				CLANG_WARN_BLOCK_CAPTURE_AUTORELEASING = YES;
				CLANG_WARN_BOOL_CONVERSION = YES;
				CLANG_WARN_COMMA = YES;
				CLANG_WARN_CONSTANT_CONVERSION = YES;
				CLANG_WARN_DEPRECATED_OBJC_IMPLEMENTATIONS = YES;
				CLANG_WARN_DIRECT_OBJC_ISA_USAGE = YES_ERROR;
				CLANG_WARN_DOCUMENTATION_COMMENTS = YES;
				CLANG_WARN_EMPTY_BODY = YES;
				CLANG_WARN_ENUM_CONVERSION = YES;
				CLANG_WARN_INFINITE_RECURSION = YES;
				CLANG_WARN_INT_CONVERSION = YES;
				CLANG_WARN_NON_LITERAL_NULL_CONVERSION = YES;
				CLANG_WARN_OBJC_IMPLICIT_RETAIN_SELF = YES;
				CLANG_WARN_OBJC_LITERAL_CONVERSION = YES;
				CLANG_WARN_OBJC_ROOT_CLASS = YES_ERROR;
				CLANG_WARN_RANGE_LOOP_ANALYSIS = YES;
				CLANG_WARN_STRICT_PROTOTYPES = YES;
				CLANG_WARN_SUSPICIOUS_MOVE = YES;
				CLANG_WARN_UNGUARDED_AVAILABILITY = YES_AGGRESSIVE;
				CLANG_WARN_UNREACHABLE_CODE = YES;
				CLANG_WARN__DUPLICATE_METHOD_MATCH = YES;
				COPY_PHASE_STRIP = NO;
				DEBUG_INFORMATION_FORMAT = dwarf;
				ENABLE_STRICT_OBJC_MSGSEND = YES;
				ENABLE_TESTABILITY = YES;
				GCC_C_LANGUAGE_STANDARD = gnu11;
				GCC_DYNAMIC_NO_PIC = NO;
				GCC_NO_COMMON_BLOCKS = YES;
				GCC_OPTIMIZATION_LEVEL = 0;
				GCC_PREPROCESSOR_DEFINITIONS = (
					"DEBUG=1",
					"$(inherited)",
				);
				GCC_WARN_64_TO_32_BIT_CONVERSION = YES;
				GCC_WARN_ABOUT_RETURN_TYPE = YES_ERROR;
				GCC_WARN_UNDECLARED_SELECTOR = YES;
				GCC_WARN_UNINITIALIZED_AUTOS = YES_AGGRESSIVE;
				GCC_WARN_UNUSED_FUNCTION = YES;
				GCC_WARN_UNUSED_VARIABLE = YES;
				IPHONEOS_DEPLOYMENT_TARGET = 13.2;
				MTL_ENABLE_DEBUG_INFO = INCLUDE_SOURCE;
				MTL_FAST_MATH = YES;
				ONLY_ACTIVE_ARCH = YES;
				SDKROOT = iphoneos;
				SWIFT_ACTIVE_COMPILATION_CONDITIONS = DEBUG;
				SWIFT_OPTIMIZATION_LEVEL = "-Onone";
			};
			name = Debug;
		};
		E7ED019524351CD00062D743 /* Release */ = {
			isa = XCBuildConfiguration;
			buildSettings = {
				ALWAYS_SEARCH_USER_PATHS = NO;
				CLANG_ANALYZER_NONNULL = YES;
				CLANG_ANALYZER_NUMBER_OBJECT_CONVERSION = YES_AGGRESSIVE;
				CLANG_CXX_LANGUAGE_STANDARD = "gnu++14";
				CLANG_CXX_LIBRARY = "libc++";
				CLANG_ENABLE_MODULES = YES;
				CLANG_ENABLE_OBJC_ARC = YES;
				CLANG_ENABLE_OBJC_WEAK = YES;
				CLANG_WARN_BLOCK_CAPTURE_AUTORELEASING = YES;
				CLANG_WARN_BOOL_CONVERSION = YES;
				CLANG_WARN_COMMA = YES;
				CLANG_WARN_CONSTANT_CONVERSION = YES;
				CLANG_WARN_DEPRECATED_OBJC_IMPLEMENTATIONS = YES;
				CLANG_WARN_DIRECT_OBJC_ISA_USAGE = YES_ERROR;
				CLANG_WARN_DOCUMENTATION_COMMENTS = YES;
				CLANG_WARN_EMPTY_BODY = YES;
				CLANG_WARN_ENUM_CONVERSION = YES;
				CLANG_WARN_INFINITE_RECURSION = YES;
				CLANG_WARN_INT_CONVERSION = YES;
				CLANG_WARN_NON_LITERAL_NULL_CONVERSION = YES;
				CLANG_WARN_OBJC_IMPLICIT_RETAIN_SELF = YES;
				CLANG_WARN_OBJC_LITERAL_CONVERSION = YES;
				CLANG_WARN_OBJC_ROOT_CLASS = YES_ERROR;
				CLANG_WARN_RANGE_LOOP_ANALYSIS = YES;
				CLANG_WARN_STRICT_PROTOTYPES = YES;
				CLANG_WARN_SUSPICIOUS_MOVE = YES;
				CLANG_WARN_UNGUARDED_AVAILABILITY = YES_AGGRESSIVE;
				CLANG_WARN_UNREACHABLE_CODE = YES;
				CLANG_WARN__DUPLICATE_METHOD_MATCH = YES;
				COPY_PHASE_STRIP = NO;
				DEBUG_INFORMATION_FORMAT = "dwarf-with-dsym";
				ENABLE_NS_ASSERTIONS = NO;
				ENABLE_STRICT_OBJC_MSGSEND = YES;
				GCC_C_LANGUAGE_STANDARD = gnu11;
				GCC_NO_COMMON_BLOCKS = YES;
				GCC_WARN_64_TO_32_BIT_CONVERSION = YES;
				GCC_WARN_ABOUT_RETURN_TYPE = YES_ERROR;
				GCC_WARN_UNDECLARED_SELECTOR = YES;
				GCC_WARN_UNINITIALIZED_AUTOS = YES_AGGRESSIVE;
				GCC_WARN_UNUSED_FUNCTION = YES;
				GCC_WARN_UNUSED_VARIABLE = YES;
				IPHONEOS_DEPLOYMENT_TARGET = 13.2;
				MTL_ENABLE_DEBUG_INFO = NO;
				MTL_FAST_MATH = YES;
				SDKROOT = iphoneos;
				SWIFT_COMPILATION_MODE = wholemodule;
				SWIFT_OPTIMIZATION_LEVEL = "-O";
				VALIDATE_PRODUCT = YES;
			};
			name = Release;
		};
		E7ED019724351CD00062D743 /* Debug */ = {
			isa = XCBuildConfiguration;
			buildSettings = {
				ASSETCATALOG_COMPILER_APPICON_NAME = AppIcon;
				CODE_SIGN_STYLE = Automatic;
				DEVELOPMENT_ASSET_PATHS = "\"testproject-swiftui/Preview Content\"";
				DEVELOPMENT_TEAM = RL63GUXBB4;
				ENABLE_PREVIEWS = YES;
				INFOPLIST_FILE = "testproject-swiftui/Info.plist";
				LD_RUNPATH_SEARCH_PATHS = (
					"$(inherited)",
					"@executable_path/Frameworks",
				);
				PRODUCT_BUNDLE_IDENTIFIER = "com.developer.piccoli.testproject-swiftui";
				PRODUCT_NAME = "$(TARGET_NAME)";
				SWIFT_VERSION = 5.0;
				TARGETED_DEVICE_FAMILY = "1,2";
			};
			name = Debug;
		};
		E7ED019824351CD00062D743 /* Release */ = {
			isa = XCBuildConfiguration;
			buildSettings = {
				ASSETCATALOG_COMPILER_APPICON_NAME = AppIcon;
				CODE_SIGN_STYLE = Automatic;
				DEVELOPMENT_ASSET_PATHS = "\"testproject-swiftui/Preview Content\"";
				DEVELOPMENT_TEAM = RL63GUXBB4;
				ENABLE_PREVIEWS = YES;
				INFOPLIST_FILE = "testproject-swiftui/Info.plist";
				LD_RUNPATH_SEARCH_PATHS = (
					"$(inherited)",
					"@executable_path/Frameworks",
				);
				PRODUCT_BUNDLE_IDENTIFIER = "com.developer.piccoli.testproject-swiftui";
				PRODUCT_NAME = "$(TARGET_NAME)";
				SWIFT_VERSION = 5.0;
				TARGETED_DEVICE_FAMILY = "1,2";
			};
			name = Release;
		};
/* End XCBuildConfiguration section */

/* Begin XCConfigurationList section */
		E7ED017D24351CCC0062D743 /* Build configuration list for PBXProject "testproject-swiftui" */ = {
			isa = XCConfigurationList;
			buildConfigurations = (
				E7ED019424351CD00062D743 /* Debug */,
				E7ED019524351CD00062D743 /* Release */,
			);
			defaultConfigurationIsVisible = 0;
			defaultConfigurationName = Release;
		};
		E7ED019624351CD00062D743 /* Build configuration list for PBXNativeTarget "testproject-swiftui" */ = {
			isa = XCConfigurationList;
			buildConfigurations = (
				E7ED019724351CD00062D743 /* Debug */,
				E7ED019824351CD00062D743 /* Release */,
			);
			defaultConfigurationIsVisible = 0;
			defaultConfigurationName = Release;
		};
/* End XCConfigurationList section */
	};
	rootObject = E7ED017A24351CCC0062D743 /* Project object */;
}
